
Microsoft Visual Studio Solution File, Format Version 12.00
# Visual Studio 15
VisualStudioVersion = 15.0.27703.2035
MinimumVisualStudioVersion = 10.0.40219.1
Project("{FAE04EC0-301F-11D3-BF4B-00C04F79EFBC}") = "ApiUsage", "ApiUsage\ApiUsage.csproj", "{7ED9EDFA-611F-4A17-B1DF-33EC8A115037}"
EndProject
Global
	GlobalSection(SolutionConfigurationPlatforms) = preSolution
		Debug|Any CPU = Debug|Any CPU
		Release|Any CPU = Release|Any CPU
	EndGlobalSection
	GlobalSection(ProjectConfigurationPlatforms) = postSolution
		{7ED9EDFA-611F-4A17-B1DF-33EC8A115037}.Debug|Any CPU.ActiveCfg = Debug|Any CPU
		{7ED9EDFA-611F-4A17-B1DF-33EC8A115037}.Debug|Any CPU.Build.0 = Debug|Any CPU
		{7ED9EDFA-611F-4A17-B1DF-33EC8A115037}.Release|Any CPU.ActiveCfg = Release|Any CPU
		{7ED9EDFA-611F-4A17-B1DF-33EC8A115037}.Release|Any CPU.Build.0 = Release|Any CPU
	EndGlobalSection
	GlobalSection(SolutionProperties) = preSolution
		HideSolutionNode = FALSE
	EndGlobalSection
	GlobalSection(ExtensibilityGlobals) = postSolution
		SolutionGuid = {CB26C1E0-4BC3-4C25-9287-C081D9ABBCBE}
	EndGlobalSection
EndGlobal
